<?xml version="1.0" encoding="UTF-8" standalone="yes" ?>
<CodeBlocks_project_file>
	<FileVersion major="1" minor="6" />
	<Project>
		<Option title="stone_compiler" />
		<Option pch_mode="2" />
		<Option compiler="gcc" />
		<Build>
			<Target title="Debug">
				<Option output="bin/Debug/stone_compiler" prefix_auto="1" extension_auto="1" />
				<Option object_output="obj/Debug/" />
				<Option type="1" />
				<Option compiler="gcc" />
				<Compiler>
					<Add option="-g" />
					<Add directory="include" />
				</Compiler>
			</Target>
			<Target title="Release">
				<Option output="bin/Release/stone_compiler" prefix_auto="1" extension_auto="1" />
				<Option object_output="obj/Release/" />
				<Option type="1" />
				<Option compiler="gcc" />
				<Compiler>
					<Add option="-O2" />
					<Add directory="include" />
				</Compiler>
				<Linker>
					<Add option="-s" />
				</Linker>
			</Target>
		</Build>
		<Compiler>
			<Add option="-Wall" />
			<Add option="-fexceptions" />
		</Compiler>
		<Unit filename="include/ASTLeaf.h" />
		<Unit filename="include/ASTList.h" />
		<Unit filename="include/ASTNode.h" />
		<Unit filename="include/Arguments.h" />
		<Unit filename="include/BasicEnv.h" />
		<Unit filename="include/BasicParser.h" />
		<Unit filename="include/BinaryExpr.h" />
		<Unit filename="include/BlockStmnt.h" />
		<Unit filename="include/DefStmnt.h" />
		<Unit filename="include/Environment.h" />
		<Unit filename="include/Factory.h" />
		<Unit filename="include/FactoryDerived.h" />
		<Unit filename="include/Function.h" />
		<Unit filename="include/FunctionParser.h" />
		<Unit filename="include/IfStmnt.h" />
		<Unit filename="include/LineNumberReader.h" />
		<Unit filename="include/Name.h" />
		<Unit filename="include/NegativeExpr.h" />
		<Unit filename="include/NestedEnv.h" />
		<Unit filename="include/NullStmnt.h" />
		<Unit filename="include/NumberLiteral.h" />
		<Unit filename="include/ParameterList.h" />
		<Unit filename="include/Parser.h" />
		<Unit filename="include/ParserClass.h" />
		<Unit filename="include/ParserDerived.h" />
		<Unit filename="include/Postfix.h" />
		<Unit filename="include/PrimaryExpr.h" />
		<Unit filename="include/ReturnType.h" />
		<Unit filename="include/ReturnTypeInt.h" />
		<Unit filename="include/ReturnTypeString.h" />
		<Unit filename="include/StringBuilder.h" />
		<Unit filename="include/StringLiteral.h" />
		<Unit filename="include/Token.h" />
		<Unit filename="include/WhileStmnt.h" />
		<Unit filename="include/derivedTokens.h" />
		<Unit filename="include/lexer.h" />
		<Unit filename="include/lexer_one_line.h" />
		<Unit filename="include/ordinary.h" />
		<Unit filename="include/template/TSum.h" />
		<Unit filename="main.cpp" />
		<Unit filename="src/ASTLeaf.cpp" />
		<Unit filename="src/ASTList.cpp" />
		<Unit filename="src/ASTNode.cpp" />
		<Unit filename="src/Arguments.cpp" />
		<Unit filename="src/BasicEnv.cpp" />
		<Unit filename="src/BasicParser.cpp" />
		<Unit filename="src/BinaryExpr.cpp" />
		<Unit filename="src/BlockStmnt.cpp" />
		<Unit filename="src/DefStmnt.cpp" />
		<Unit filename="src/Environment.cpp" />
		<Unit filename="src/Function.cpp" />
		<Unit filename="src/FunctionParser.cpp" />
		<Unit filename="src/IfStmnt.cpp" />
		<Unit filename="src/LineNumberReader.cpp" />
		<Unit filename="src/Name.cpp" />
		<Unit filename="src/NegativeExpr.cpp" />
		<Unit filename="src/NestedEnv.cpp" />
		<Unit filename="src/NullStmnt.cpp" />
		<Unit filename="src/NumberLiteral.cpp" />
		<Unit filename="src/ParameterList.cpp" />
		<Unit filename="src/Parser.cpp" />
		<Unit filename="src/Postfix.cpp" />
		<Unit filename="src/PrimaryExpr.cpp" />
		<Unit filename="src/ReturnType.cpp" />
		<Unit filename="src/ReturnTypeInt.cpp" />
		<Unit filename="src/ReturnTypeString.cpp" />
		<Unit filename="src/StringLiteral.cpp" />
		<Unit filename="src/Token.cpp" />
		<Unit filename="src/WhileStmnt.cpp" />
		<Unit filename="src/lexer.cpp" />
		<Unit filename="src/lexer_one_line.cpp" />
		<Unit filename="src/ordinary.cpp" />
		<Extensions>
			<code_completion />
			<envvars />
			<debugger />
		</Extensions>
	</Project>
</CodeBlocks_project_file>
